
Microsoft Visual Studio Solution File, Format Version 12.00
# Visual Studio Version 17
VisualStudioVersion = 17.0.31903.59
MinimumVisualStudioVersion = 10.0.40219.1
Project("{FAE04EC0-301F-11D3-BF4B-00C04F79EFBC}") = "ApiPayment.Api", "src\ApiPayment.Api\ApiPayment.Api.csproj", "{A9B9B6B3-249C-4460-B9FC-6F78FE1C4260}"
EndProject
Project("{FAE04EC0-301F-11D3-BF4B-00C04F79EFBC}") = "ApiPayment.Application", "src\ApiPayment.Application\ApiPayment.Application.csproj", "{DCE9106C-7090-4589-86E5-9E748D1D6839}"
EndProject
Project("{FAE04EC0-301F-11D3-BF4B-00C04F79EFBC}") = "ApiPayment.CC.Dto", "src\ApiPayment.CC.Dto\ApiPayment.CC.Dto.csproj", "{E6AC3824-4DCC-454F-9211-E7F4547664CD}"
EndProject
Project("{FAE04EC0-301F-11D3-BF4B-00C04F79EFBC}") = "ApiPayment.CC.Ioc", "src\ApiPayment.CC.Ioc\ApiPayment.CC.Ioc.csproj", "{8EB750DF-BDFF-4788-8A54-A791544362DE}"
EndProject
Project("{FAE04EC0-301F-11D3-BF4B-00C04F79EFBC}") = "ApiPayment.Data", "src\ApiPayment.Data\ApiPayment.Data.csproj", "{400191F2-61AC-451A-B0FA-A906527C63B4}"
EndProject
Project("{FAE04EC0-301F-11D3-BF4B-00C04F79EFBC}") = "ApiPayment.Domain", "src\ApiPayment.Domain\ApiPayment.Domain.csproj", "{045A9FBF-081F-4AAA-A0CF-4C41C8D3494F}"
EndProject
Project("{FAE04EC0-301F-11D3-BF4B-00C04F79EFBC}") = "ApiPayment.Test", "src\ApiPayment.Test\ApiPayment.Test.csproj", "{758E8593-D0BC-4DA0-905E-F136BB1C2004}"
EndProject
Project("{2150E333-8FDC-42A3-9474-1A3956D46DE8}") = "1 - Services", "1 - Services", "{E714DFFB-0F4F-4673-B3B3-1DB4998015EA}"
EndProject
Project("{2150E333-8FDC-42A3-9474-1A3956D46DE8}") = "2 - Application", "2 - Application", "{1F2CB454-442D-4C17-B06C-0A6114AC8C5D}"
EndProject
Project("{2150E333-8FDC-42A3-9474-1A3956D46DE8}") = "3 - Domain", "3 - Domain", "{A7BE9D27-7D74-4ADE-AE83-B8A121393654}"
EndProject
Project("{2150E333-8FDC-42A3-9474-1A3956D46DE8}") = "4 - Infra", "4 - Infra", "{B7523750-D014-4274-9BB2-792E4BB54DB7}"
EndProject
Project("{2150E333-8FDC-42A3-9474-1A3956D46DE8}") = "5 - Tests", "5 - Tests", "{364FC40F-9030-4510-AD99-299AC3219C46}"
EndProject
Project("{2150E333-8FDC-42A3-9474-1A3956D46DE8}") = "4.2 - CrossCutting", "4.2 - CrossCutting", "{D10015D3-68A7-4887-9B2B-4595F23CBA5A}"
EndProject
Project("{2150E333-8FDC-42A3-9474-1A3956D46DE8}") = "4.1 - Data", "4.1 - Data", "{98CEAC4F-C31E-4EE5-83A1-5F66FE9D4B9D}"
EndProject
Global
	GlobalSection(SolutionConfigurationPlatforms) = preSolution
		Debug|Any CPU = Debug|Any CPU
		Release|Any CPU = Release|Any CPU
	EndGlobalSection
	GlobalSection(SolutionProperties) = preSolution
		HideSolutionNode = FALSE
	EndGlobalSection
	GlobalSection(ProjectConfigurationPlatforms) = postSolution
		{A9B9B6B3-249C-4460-B9FC-6F78FE1C4260}.Debug|Any CPU.ActiveCfg = Debug|Any CPU
		{A9B9B6B3-249C-4460-B9FC-6F78FE1C4260}.Debug|Any CPU.Build.0 = Debug|Any CPU
		{A9B9B6B3-249C-4460-B9FC-6F78FE1C4260}.Release|Any CPU.ActiveCfg = Release|Any CPU
		{A9B9B6B3-249C-4460-B9FC-6F78FE1C4260}.Release|Any CPU.Build.0 = Release|Any CPU
		{DCE9106C-7090-4589-86E5-9E748D1D6839}.Debug|Any CPU.ActiveCfg = Debug|Any CPU
		{DCE9106C-7090-4589-86E5-9E748D1D6839}.Debug|Any CPU.Build.0 = Debug|Any CPU
		{DCE9106C-7090-4589-86E5-9E748D1D6839}.Release|Any CPU.ActiveCfg = Release|Any CPU
		{DCE9106C-7090-4589-86E5-9E748D1D6839}.Release|Any CPU.Build.0 = Release|Any CPU
		{E6AC3824-4DCC-454F-9211-E7F4547664CD}.Debug|Any CPU.ActiveCfg = Debug|Any CPU
		{E6AC3824-4DCC-454F-9211-E7F4547664CD}.Debug|Any CPU.Build.0 = Debug|Any CPU
		{E6AC3824-4DCC-454F-9211-E7F4547664CD}.Release|Any CPU.ActiveCfg = Release|Any CPU
		{E6AC3824-4DCC-454F-9211-E7F4547664CD}.Release|Any CPU.Build.0 = Release|Any CPU
		{8EB750DF-BDFF-4788-8A54-A791544362DE}.Debug|Any CPU.ActiveCfg = Debug|Any CPU
		{8EB750DF-BDFF-4788-8A54-A791544362DE}.Debug|Any CPU.Build.0 = Debug|Any CPU
		{8EB750DF-BDFF-4788-8A54-A791544362DE}.Release|Any CPU.ActiveCfg = Release|Any CPU
		{8EB750DF-BDFF-4788-8A54-A791544362DE}.Release|Any CPU.Build.0 = Release|Any CPU
		{400191F2-61AC-451A-B0FA-A906527C63B4}.Debug|Any CPU.ActiveCfg = Debug|Any CPU
		{400191F2-61AC-451A-B0FA-A906527C63B4}.Debug|Any CPU.Build.0 = Debug|Any CPU
		{400191F2-61AC-451A-B0FA-A906527C63B4}.Release|Any CPU.ActiveCfg = Release|Any CPU
		{400191F2-61AC-451A-B0FA-A906527C63B4}.Release|Any CPU.Build.0 = Release|Any CPU
		{045A9FBF-081F-4AAA-A0CF-4C41C8D3494F}.Debug|Any CPU.ActiveCfg = Debug|Any CPU
		{045A9FBF-081F-4AAA-A0CF-4C41C8D3494F}.Debug|Any CPU.Build.0 = Debug|Any CPU
		{045A9FBF-081F-4AAA-A0CF-4C41C8D3494F}.Release|Any CPU.ActiveCfg = Release|Any CPU
		{045A9FBF-081F-4AAA-A0CF-4C41C8D3494F}.Release|Any CPU.Build.0 = Release|Any CPU
		{758E8593-D0BC-4DA0-905E-F136BB1C2004}.Debug|Any CPU.ActiveCfg = Debug|Any CPU
		{758E8593-D0BC-4DA0-905E-F136BB1C2004}.Debug|Any CPU.Build.0 = Debug|Any CPU
		{758E8593-D0BC-4DA0-905E-F136BB1C2004}.Release|Any CPU.ActiveCfg = Release|Any CPU
		{758E8593-D0BC-4DA0-905E-F136BB1C2004}.Release|Any CPU.Build.0 = Release|Any CPU
	EndGlobalSection
	GlobalSection(NestedProjects) = preSolution
		{D10015D3-68A7-4887-9B2B-4595F23CBA5A} = {B7523750-D014-4274-9BB2-792E4BB54DB7}
		{98CEAC4F-C31E-4EE5-83A1-5F66FE9D4B9D} = {B7523750-D014-4274-9BB2-792E4BB54DB7}
		{A9B9B6B3-249C-4460-B9FC-6F78FE1C4260} = {E714DFFB-0F4F-4673-B3B3-1DB4998015EA}
		{DCE9106C-7090-4589-86E5-9E748D1D6839} = {1F2CB454-442D-4C17-B06C-0A6114AC8C5D}
		{045A9FBF-081F-4AAA-A0CF-4C41C8D3494F} = {A7BE9D27-7D74-4ADE-AE83-B8A121393654}
		{400191F2-61AC-451A-B0FA-A906527C63B4} = {98CEAC4F-C31E-4EE5-83A1-5F66FE9D4B9D}
		{E6AC3824-4DCC-454F-9211-E7F4547664CD} = {D10015D3-68A7-4887-9B2B-4595F23CBA5A}
		{8EB750DF-BDFF-4788-8A54-A791544362DE} = {D10015D3-68A7-4887-9B2B-4595F23CBA5A}
		{758E8593-D0BC-4DA0-905E-F136BB1C2004} = {364FC40F-9030-4510-AD99-299AC3219C46}
		{3C39CC43-3D8A-4536-B029-CA5C09DA4730} = {A7BE9D27-7D74-4ADE-AE83-B8A121393654}
	EndGlobalSection
EndGlobal
